{
  "name": "discord.js-components-bot",
  "lockfileVersion": 3,
  "requires": true,
  "packages": {
    "": {
      "name": "discord.js-components-bot",
      "license": "MIT",
      "dependencies": {
        "@discordjs/collection": "^2.0.0",
        "@discordjs/core": "^1.1.1",
        "@discordjs/formatters": "^0.3.3",
        "@discordjs/rest": "^2.2.0",
        "@discordjs/ws": "^1.0.2"
      },
      "devDependencies": {
        "@types/node": "^20.10.4",
        "dotenv": "^16.3.1",
        "prettier": "^3.1.0",
        "typescript": "^5.3.3"
      }
    },
    "node_modules/@discordjs/collection": {
      "version": "2.0.0",
      "resolved": "https://registry.npmjs.org/@discordjs/collection/-/collection-2.0.0.tgz",
      "integrity": "sha512-YTWIXLrf5FsrLMycpMM9Q6vnZoR/lN2AWX23/Cuo8uOOtS8eHB2dyQaaGnaF8aZPYnttf2bkLMcXn/j6JUOi3w==",
      "engines": {
        "node": ">=18"
      }
    },
    "node_modules/@discordjs/core": {
      "version": "1.1.1",
      "resolved": "https://registry.npmjs.org/@discordjs/core/-/core-1.1.1.tgz",
      "integrity": "sha512-3tDqc6KCAtE0CxNl5300uPzFnNsY/GAmJhc6oGutbl/la+4mRv5zVb4N68cmcaeD2Il/ySH4zIc00sq+cyhtUA==",
      "dependencies": {
        "@discordjs/rest": "^2.2.0",
        "@discordjs/util": "^1.0.2",
        "@discordjs/ws": "^1.0.2",
        "@sapphire/snowflake": "^3.5.1",
        "@vladfrangu/async_event_emitter": "^2.2.2",
        "discord-api-types": "0.37.61"
      },
      "engines": {
        "node": ">=18"
      }
    },
    "node_modules/@discordjs/formatters": {
      "version": "0.3.3",
      "resolved": "https://registry.npmjs.org/@discordjs/formatters/-/formatters-0.3.3.tgz",
      "integrity": "sha512-wTcI1Q5cps1eSGhl6+6AzzZkBBlVrBdc9IUhJbijRgVjCNIIIZPgqnUj3ntFODsHrdbGU8BEG9XmDQmgEEYn3w==",
      "dependencies": {
        "discord-api-types": "0.37.61"
      },
      "engines": {
        "node": ">=16.11.0"
      }
    },
    "node_modules/@discordjs/rest": {
      "version": "2.2.0",
      "resolved": "https://registry.npmjs.org/@discordjs/rest/-/rest-2.2.0.tgz",
      "integrity": "sha512-nXm9wT8oqrYFRMEqTXQx9DUTeEtXUDMmnUKIhZn6O2EeDY9VCdwj23XCPq7fkqMPKdF7ldAfeVKyxxFdbZl59A==",
      "dependencies": {
        "@discordjs/collection": "^2.0.0",
        "@discordjs/util": "^1.0.2",
        "@sapphire/async-queue": "^1.5.0",
        "@sapphire/snowflake": "^3.5.1",
        "@vladfrangu/async_event_emitter": "^2.2.2",
        "discord-api-types": "0.37.61",
        "magic-bytes.js": "^1.5.0",
        "tslib": "^2.6.2",
        "undici": "5.27.2"
      },
      "engines": {
        "node": ">=16.11.0"
      }
    },
    "node_modules/@discordjs/util": {
      "version": "1.0.2",
      "resolved": "https://registry.npmjs.org/@discordjs/util/-/util-1.0.2.tgz",
      "integrity": "sha512-IRNbimrmfb75GMNEjyznqM1tkI7HrZOf14njX7tCAAUetyZM1Pr8hX/EK2lxBCOgWDRmigbp24fD1hdMfQK5lw==",
      "engines": {
        "node": ">=16.11.0"
      }
    },
    "node_modules/@discordjs/ws": {
      "version": "1.0.2",
      "resolved": "https://registry.npmjs.org/@discordjs/ws/-/ws-1.0.2.tgz",
      "integrity": "sha512-+XI82Rm2hKnFwAySXEep4A7Kfoowt6weO6381jgW+wVdTpMS/56qCvoXyFRY0slcv7c/U8My2PwIB2/wEaAh7Q==",
      "dependencies": {
        "@discordjs/collection": "^2.0.0",
        "@discordjs/rest": "^2.1.0",
        "@discordjs/util": "^1.0.2",
        "@sapphire/async-queue": "^1.5.0",
        "@types/ws": "^8.5.9",
        "@vladfrangu/async_event_emitter": "^2.2.2",
        "discord-api-types": "0.37.61",
        "tslib": "^2.6.2",
        "ws": "^8.14.2"
      },
      "engines": {
        "node": ">=16.11.0"
      }
    },
    "node_modules/@fastify/busboy": {
      "version": "2.1.0",
      "resolved": "https://registry.npmjs.org/@fastify/busboy/-/busboy-2.1.0.tgz",
      "integrity": "sha512-+KpH+QxZU7O4675t3mnkQKcZZg56u+K/Ct2K+N2AZYNVK8kyeo/bI18tI8aPm3tvNNRyTWfj6s5tnGNlcbQRsA==",
      "engines": {
        "node": ">=14"
      }
    },
    "node_modules/@sapphire/async-queue": {
      "version": "1.5.1",
      "resolved": "https://registry.npmjs.org/@sapphire/async-queue/-/async-queue-1.5.1.tgz",
      "integrity": "sha512-1RdpsmDQR/aWfp8oJzPtn4dNQrbpqSL5PIA0uAB/XwerPXUf994Ug1au1e7uGcD7ei8/F63UDjr5GWps1g/HxQ==",
      "engines": {
        "node": ">=v14.0.0",
        "npm": ">=7.0.0"
      }
    },
    "node_modules/@sapphire/snowflake": {
      "version": "3.5.2",
      "resolved": "https://registry.npmjs.org/@sapphire/snowflake/-/snowflake-3.5.2.tgz",
      "integrity": "sha512-FTm9RdyELF21PQN5dS/HLRs90XqWclHa+p0gkonc+BA2X2QKfFySHSjUbO65rmArd/ghR9Ahj2fMfedTZEqzOw==",
      "engines": {
        "node": ">=v14.0.0",
        "npm": ">=7.0.0"
      }
    },
    "node_modules/@types/node": {
      "version": "20.10.4",
      "resolved": "https://registry.npmjs.org/@types/node/-/node-20.10.4.tgz",
      "integrity": "sha512-D08YG6rr8X90YB56tSIuBaddy/UXAA9RKJoFvrsnogAum/0pmjkgi4+2nx96A330FmioegBWmEYQ+syqCFaveg==",
      "dependencies": {
        "undici-types": "~5.26.4"
      }
    },
    "node_modules/@types/ws": {
      "version": "8.5.10",
      "resolved": "https://registry.npmjs.org/@types/ws/-/ws-8.5.10.tgz",
      "integrity": "sha512-vmQSUcfalpIq0R9q7uTo2lXs6eGIpt9wtnLdMv9LVpIjCA/+ufZRozlVoVelIYixx1ugCBKDhn89vnsEGOCx9A==",
      "dependencies": {
        "@types/node": "*"
      }
    },
    "node_modules/@vladfrangu/async_event_emitter": {
      "version": "2.2.4",
      "resolved": "https://registry.npmjs.org/@vladfrangu/async_event_emitter/-/async_event_emitter-2.2.4.tgz",
      "integrity": "sha512-ButUPz9E9cXMLgvAW8aLAKKJJsPu1dY1/l/E8xzLFuysowXygs6GBcyunK9rnGC4zTsnIc2mQo71rGw9U+Ykug==",
      "engines": {
        "node": ">=v14.0.0",
        "npm": ">=7.0.0"
      }
    },
    "node_modules/discord-api-types": {
      "version": "0.37.61",
      "resolved": "https://registry.npmjs.org/discord-api-types/-/discord-api-types-0.37.61.tgz",
      "integrity": "sha512-o/dXNFfhBpYHpQFdT6FWzeO7pKc838QeeZ9d91CfVAtpr5XLK4B/zYxQbYgPdoMiTDvJfzcsLW5naXgmHGDNXw=="
    },
    "node_modules/dotenv": {
      "version": "16.3.1",
      "resolved": "https://registry.npmjs.org/dotenv/-/dotenv-16.3.1.tgz",
      "integrity": "sha512-IPzF4w4/Rd94bA9imS68tZBaYyBWSCE47V1RGuMrB94iyTOIEwRmVL2x/4An+6mETpLrKJ5hQkB8W4kFAadeIQ==",
      "dev": true,
      "engines": {
        "node": ">=12"
      },
      "funding": {
        "url": "https://github.com/motdotla/dotenv?sponsor=1"
      }
    },
    "node_modules/magic-bytes.js": {
      "version": "1.6.0",
      "resolved": "https://registry.npmjs.org/magic-bytes.js/-/magic-bytes.js-1.6.0.tgz",
      "integrity": "sha512-eOGBE+NSCwU9dKKox93BPHjX4KSxIuiRY1/H1lkfxIagT0Llhs6bkRk8iqoP/0aeDl7FEZPa+ln5lay5mcNY4w=="
    },
    "node_modules/prettier": {
      "version": "3.1.0",
      "resolved": "https://registry.npmjs.org/prettier/-/prettier-3.1.0.tgz",
      "integrity": "sha512-TQLvXjq5IAibjh8EpBIkNKxO749UEWABoiIZehEPiY4GNpVdhaFKqSTu+QrlU6D2dPAfubRmtJTi4K4YkQ5eXw==",
      "dev": true,
      "bin": {
        "prettier": "bin/prettier.cjs"
      },
      "engines": {
        "node": ">=14"
      },
      "funding": {
        "url": "https://github.com/prettier/prettier?sponsor=1"
      }
    },
    "node_modules/tslib": {
      "version": "2.6.2",
      "resolved": "https://registry.npmjs.org/tslib/-/tslib-2.6.2.tgz",
      "integrity": "sha512-AEYxH93jGFPn/a2iVAwW87VuUIkR1FVUKB77NwMF7nBTDkDrrT/Hpt/IrCJ0QXhW27jTBDcf5ZY7w6RiqTMw2Q=="
    },
    "node_modules/typescript": {
      "version": "5.3.3",
      "resolved": "https://registry.npmjs.org/typescript/-/typescript-5.3.3.tgz",
      "integrity": "sha512-pXWcraxM0uxAS+tN0AG/BF2TyqmHO014Z070UsJ+pFvYuRSq8KH8DmWpnbXe0pEPDHXZV3FcAbJkijJ5oNEnWw==",
      "dev": true,
      "bin": {
        "tsc": "bin/tsc",
        "tsserver": "bin/tsserver"
      },
      "engines": {
        "node": ">=14.17"
      }
    },
    "node_modules/undici": {
      "version": "5.27.2",
      "resolved": "https://registry.npmjs.org/undici/-/undici-5.27.2.tgz",
      "integrity": "sha512-iS857PdOEy/y3wlM3yRp+6SNQQ6xU0mmZcwRSriqk+et/cwWAtwmIGf6WkoDN2EK/AMdCO/dfXzIwi+rFMrjjQ==",
      "dependencies": {
        "@fastify/busboy": "^2.0.0"
      },
      "engines": {
        "node": ">=14.0"
      }
    },
    "node_modules/undici-types": {
      "version": "5.26.5",
      "resolved": "https://registry.npmjs.org/undici-types/-/undici-types-5.26.5.tgz",
      "integrity": "sha512-JlCMO+ehdEIKqlFxk6IfVoAUVmgz7cU7zD/h9XZ0qzeosSHmUJVOzSQvvYSYWXkFXC+IfLKSIffhv0sVZup6pA=="
    },
    "node_modules/ws": {
      "version": "8.15.0",
      "resolved": "https://registry.npmjs.org/ws/-/ws-8.15.0.tgz",
      "integrity": "sha512-H/Z3H55mrcrgjFwI+5jKavgXvwQLtfPCUEp6pi35VhoB0pfcHnSoyuTzkBEZpzq49g1193CUEwIvmsjcotenYw==",
      "engines": {
        "node": ">=10.0.0"
      },
      "peerDependencies": {
        "bufferutil": "^4.0.1",
        "utf-8-validate": ">=5.0.2"
      },
      "peerDependenciesMeta": {
        "bufferutil": {
          "optional": true
        },
        "utf-8-validate": {
          "optional": true
        }
      }
    }
  }
}
